// !$*UTF8*$!
{
	archiveVersion = 1;
	classes = {
	};
	objectVersion = 50;
	objects = {

/* Begin PBXBuildFile section */
		AF14F7482496799F0054DCEB /* DistanceCounterTextFieldPropertiesTests.swift in Sources */ = {isa = PBXBuildFile; fileRef = AF14F7472496799F0054DCEB /* DistanceCounterTextFieldPropertiesTests.swift */; };
		AF17779924869C5B0014D38A /* AppDelegate.swift in Sources */ = {isa = PBXBuildFile; fileRef = AF17779824869C5B0014D38A /* AppDelegate.swift */; };
		AF1777A024869C5B0014D38A /* Main.storyboard in Resources */ = {isa = PBXBuildFile; fileRef = AF17779E24869C5B0014D38A /* Main.storyboard */; };
		AF1777A224869C5F0014D38A /* Assets.xcassets in Resources */ = {isa = PBXBuildFile; fileRef = AF1777A124869C5F0014D38A /* Assets.xcassets */; };
		AF1777A524869C5F0014D38A /* LaunchScreen.storyboard in Resources */ = {isa = PBXBuildFile; fileRef = AF1777A324869C5F0014D38A /* LaunchScreen.storyboard */; };
		AF1777B5248964A50014D38A /* DistanceCalculationViewController.swift in Sources */ = {isa = PBXBuildFile; fileRef = AF1777B4248964A40014D38A /* DistanceCalculationViewController.swift */; };
		AF1777B824896BE40014D38A /* CustomLabel.swift in Sources */ = {isa = PBXBuildFile; fileRef = AF1777B724896BE40014D38A /* CustomLabel.swift */; };
		AF1777BA2489711E0014D38A /* CustomTextField.swift in Sources */ = {isa = PBXBuildFile; fileRef = AF1777B92489711E0014D38A /* CustomTextField.swift */; };
		AF1777BC248971340014D38A /* CustomButton.swift in Sources */ = {isa = PBXBuildFile; fileRef = AF1777BB248971340014D38A /* CustomButton.swift */; };
		AF1777BE248971550014D38A /* CustomTextView.swift in Sources */ = {isa = PBXBuildFile; fileRef = AF1777BD248971550014D38A /* CustomTextView.swift */; };
		AF231BDE249541FA0014BED8 /* DistanceCounterUITests.swift in Sources */ = {isa = PBXBuildFile; fileRef = AF231BDD249541FA0014BED8 /* DistanceCounterUITests.swift */; };
		AF6FDCE5248A7D160042679A /* Fonts.swift in Sources */ = {isa = PBXBuildFile; fileRef = AF6FDCE4248A7D160042679A /* Fonts.swift */; };
		AF8F41E2248B768B00B74FA8 /* DistanceCalculationViewModel.swift in Sources */ = {isa = PBXBuildFile; fileRef = AF8F41E1248B768B00B74FA8 /* DistanceCalculationViewModel.swift */; };
		AF8F41E4248B856A00B74FA8 /* DistanceCalculationViewProtocol.swift in Sources */ = {isa = PBXBuildFile; fileRef = AF8F41E3248B856A00B74FA8 /* DistanceCalculationViewProtocol.swift */; };
		AF8F41E6248B876800B74FA8 /* Alert.swift in Sources */ = {isa = PBXBuildFile; fileRef = AF8F41E5248B876800B74FA8 /* Alert.swift */; };
		AF8F41EA248B9A7300B74FA8 /* Localizable.strings in Resources */ = {isa = PBXBuildFile; fileRef = AF8F41E9248B9A7300B74FA8 /* Localizable.strings */; };
		AF8F41ED248B9E2600B74FA8 /* String+Utils.swift in Sources */ = {isa = PBXBuildFile; fileRef = AF8F41EC248B9E2600B74FA8 /* String+Utils.swift */; };
		AF8F41F4248BA3B900B74FA8 /* Place.swift in Sources */ = {isa = PBXBuildFile; fileRef = AF8F41F3248BA3B900B74FA8 /* Place.swift */; };
		AF8F41F6248BA46600B74FA8 /* Config.swift in Sources */ = {isa = PBXBuildFile; fileRef = AF8F41F5248BA46600B74FA8 /* Config.swift */; };
		AF8F41FA248BA56A00B74FA8 /* ApiRouter.swift in Sources */ = {isa = PBXBuildFile; fileRef = AF8F41F9248BA56A00B74FA8 /* ApiRouter.swift */; };
		AF8F41FC248BA77B00B74FA8 /* NetworkManager.swift in Sources */ = {isa = PBXBuildFile; fileRef = AF8F41FB248BA77B00B74FA8 /* NetworkManager.swift */; };
		AF8F4201248BA86800B74FA8 /* ApiError.swift in Sources */ = {isa = PBXBuildFile; fileRef = AF8F4200248BA86800B74FA8 /* ApiError.swift */; };
		AF8F4205248BF17D00B74FA8 /* SpinnerViewController.swift in Sources */ = {isa = PBXBuildFile; fileRef = AF8F4204248BF17D00B74FA8 /* SpinnerViewController.swift */; };
		AF9A645024962A93005E695A /* DistanceCounterLatitudeTests.swift in Sources */ = {isa = PBXBuildFile; fileRef = AF9A644F24962A93005E695A /* DistanceCounterLatitudeTests.swift */; };
		AF9A645924965559005E695A /* DistanceCounterLongitudeTests.swift in Sources */ = {isa = PBXBuildFile; fileRef = AF9A645824965559005E695A /* DistanceCounterLongitudeTests.swift */; };
/* End PBXBuildFile section */

/* Begin PBXContainerItemProxy section */
		AF231BE0249541FA0014BED8 /* PBXContainerItemProxy */ = {
			isa = PBXContainerItemProxy;
			containerPortal = AF17778D24869C5B0014D38A /* Project object */;
			proxyType = 1;
			remoteGlobalIDString = AF17779424869C5B0014D38A;
			remoteInfo = DistanceCounter;
		};
		AF9A645224962A93005E695A /* PBXContainerItemProxy */ = {
			isa = PBXContainerItemProxy;
			containerPortal = AF17778D24869C5B0014D38A /* Project object */;
			proxyType = 1;
			remoteGlobalIDString = AF17779424869C5B0014D38A;
			remoteInfo = DistanceCounter;
		};
/* End PBXContainerItemProxy section */

/* Begin PBXFileReference section */
		AF14F7472496799F0054DCEB /* DistanceCounterTextFieldPropertiesTests.swift */ = {isa = PBXFileReference; lastKnownFileType = sourcecode.swift; path = DistanceCounterTextFieldPropertiesTests.swift; sourceTree = "<group>"; };
		AF17779524869C5B0014D38A /* DistanceCounter.app */ = {isa = PBXFileReference; explicitFileType = wrapper.application; includeInIndex = 0; path = DistanceCounter.app; sourceTree = BUILT_PRODUCTS_DIR; };
		AF17779824869C5B0014D38A /* AppDelegate.swift */ = {isa = PBXFileReference; lastKnownFileType = sourcecode.swift; path = AppDelegate.swift; sourceTree = "<group>"; };
		AF17779F24869C5B0014D38A /* Base */ = {isa = PBXFileReference; lastKnownFileType = file.storyboard; name = Base; path = Base.lproj/Main.storyboard; sourceTree = "<group>"; };
		AF1777A124869C5F0014D38A /* Assets.xcassets */ = {isa = PBXFileReference; lastKnownFileType = folder.assetcatalog; path = Assets.xcassets; sourceTree = "<group>"; };
		AF1777A424869C5F0014D38A /* Base */ = {isa = PBXFileReference; lastKnownFileType = file.storyboard; name = Base; path = Base.lproj/LaunchScreen.storyboard; sourceTree = "<group>"; };
		AF1777A624869C5F0014D38A /* Info.plist */ = {isa = PBXFileReference; lastKnownFileType = text.plist.xml; path = Info.plist; sourceTree = "<group>"; };
		AF1777B4248964A40014D38A /* DistanceCalculationViewController.swift */ = {isa = PBXFileReference; lastKnownFileType = sourcecode.swift; path = DistanceCalculationViewController.swift; sourceTree = "<group>"; };
		AF1777B724896BE40014D38A /* CustomLabel.swift */ = {isa = PBXFileReference; lastKnownFileType = sourcecode.swift; path = CustomLabel.swift; sourceTree = "<group>"; };
		AF1777B92489711E0014D38A /* CustomTextField.swift */ = {isa = PBXFileReference; lastKnownFileType = sourcecode.swift; path = CustomTextField.swift; sourceTree = "<group>"; };
		AF1777BB248971340014D38A /* CustomButton.swift */ = {isa = PBXFileReference; lastKnownFileType = sourcecode.swift; path = CustomButton.swift; sourceTree = "<group>"; };
		AF1777BD248971550014D38A /* CustomTextView.swift */ = {isa = PBXFileReference; lastKnownFileType = sourcecode.swift; path = CustomTextView.swift; sourceTree = "<group>"; };
		AF231BDB249541FA0014BED8 /* DistanceCounterUITests.xctest */ = {isa = PBXFileReference; explicitFileType = wrapper.cfbundle; includeInIndex = 0; path = DistanceCounterUITests.xctest; sourceTree = BUILT_PRODUCTS_DIR; };
		AF231BDD249541FA0014BED8 /* DistanceCounterUITests.swift */ = {isa = PBXFileReference; lastKnownFileType = sourcecode.swift; path = DistanceCounterUITests.swift; sourceTree = "<group>"; };
		AF231BDF249541FA0014BED8 /* Info.plist */ = {isa = PBXFileReference; lastKnownFileType = text.plist.xml; path = Info.plist; sourceTree = "<group>"; };
		AF6FDCE4248A7D160042679A /* Fonts.swift */ = {isa = PBXFileReference; lastKnownFileType = sourcecode.swift; path = Fonts.swift; sourceTree = "<group>"; };
		AF8F41E1248B768B00B74FA8 /* DistanceCalculationViewModel.swift */ = {isa = PBXFileReference; lastKnownFileType = sourcecode.swift; path = DistanceCalculationViewModel.swift; sourceTree = "<group>"; };
		AF8F41E3248B856A00B74FA8 /* DistanceCalculationViewProtocol.swift */ = {isa = PBXFileReference; lastKnownFileType = sourcecode.swift; path = DistanceCalculationViewProtocol.swift; sourceTree = "<group>"; };
		AF8F41E5248B876800B74FA8 /* Alert.swift */ = {isa = PBXFileReference; lastKnownFileType = sourcecode.swift; path = Alert.swift; sourceTree = "<group>"; };
		AF8F41E9248B9A7300B74FA8 /* Localizable.strings */ = {isa = PBXFileReference; lastKnownFileType = text.plist.strings; path = Localizable.strings; sourceTree = "<group>"; };
		AF8F41EC248B9E2600B74FA8 /* String+Utils.swift */ = {isa = PBXFileReference; lastKnownFileType = sourcecode.swift; path = "String+Utils.swift"; sourceTree = "<group>"; };
		AF8F41F3248BA3B900B74FA8 /* Place.swift */ = {isa = PBXFileReference; lastKnownFileType = sourcecode.swift; path = Place.swift; sourceTree = "<group>"; };
		AF8F41F5248BA46600B74FA8 /* Config.swift */ = {isa = PBXFileReference; lastKnownFileType = sourcecode.swift; path = Config.swift; sourceTree = "<group>"; };
		AF8F41F9248BA56A00B74FA8 /* ApiRouter.swift */ = {isa = PBXFileReference; lastKnownFileType = sourcecode.swift; path = ApiRouter.swift; sourceTree = "<group>"; };
		AF8F41FB248BA77B00B74FA8 /* NetworkManager.swift */ = {isa = PBXFileReference; lastKnownFileType = sourcecode.swift; path = NetworkManager.swift; sourceTree = "<group>"; };
		AF8F4200248BA86800B74FA8 /* ApiError.swift */ = {isa = PBXFileReference; lastKnownFileType = sourcecode.swift; path = ApiError.swift; sourceTree = "<group>"; };
		AF8F4204248BF17D00B74FA8 /* SpinnerViewController.swift */ = {isa = PBXFileReference; lastKnownFileType = sourcecode.swift; path = SpinnerViewController.swift; sourceTree = "<group>"; };
		AF9A644D24962A93005E695A /* DistanceCounterTests.xctest */ = {isa = PBXFileReference; explicitFileType = wrapper.cfbundle; includeInIndex = 0; path = DistanceCounterTests.xctest; sourceTree = BUILT_PRODUCTS_DIR; };
		AF9A644F24962A93005E695A /* DistanceCounterLatitudeTests.swift */ = {isa = PBXFileReference; lastKnownFileType = sourcecode.swift; path = DistanceCounterLatitudeTests.swift; sourceTree = "<group>"; };
		AF9A645124962A93005E695A /* Info.plist */ = {isa = PBXFileReference; lastKnownFileType = text.plist.xml; path = Info.plist; sourceTree = "<group>"; };
		AF9A645824965559005E695A /* DistanceCounterLongitudeTests.swift */ = {isa = PBXFileReference; lastKnownFileType = sourcecode.swift; path = DistanceCounterLongitudeTests.swift; sourceTree = "<group>"; };
/* End PBXFileReference section */

/* Begin PBXFrameworksBuildPhase section */
		AF17779224869C5B0014D38A /* Frameworks */ = {
			isa = PBXFrameworksBuildPhase;
			buildActionMask = 2147483647;
			files = (
			);
			runOnlyForDeploymentPostprocessing = 0;
		};
		AF231BD8249541FA0014BED8 /* Frameworks */ = {
			isa = PBXFrameworksBuildPhase;
			buildActionMask = 2147483647;
			files = (
			);
			runOnlyForDeploymentPostprocessing = 0;
		};
		AF9A644A24962A93005E695A /* Frameworks */ = {
			isa = PBXFrameworksBuildPhase;
			buildActionMask = 2147483647;
			files = (
			);
			runOnlyForDeploymentPostprocessing = 0;
		};
/* End PBXFrameworksBuildPhase section */

/* Begin PBXGroup section */
		AF17778C24869C5B0014D38A = {
			isa = PBXGroup;
			children = (
				AF17779724869C5B0014D38A /* DistanceCounter */,
				AF231BDC249541FA0014BED8 /* DistanceCounterUITests */,
				AF9A644E24962A93005E695A /* DistanceCounterTests */,
				AF17779624869C5B0014D38A /* Products */,
			);
			sourceTree = "<group>";
		};
		AF17779624869C5B0014D38A /* Products */ = {
			isa = PBXGroup;
			children = (
				AF17779524869C5B0014D38A /* DistanceCounter.app */,
				AF231BDB249541FA0014BED8 /* DistanceCounterUITests.xctest */,
				AF9A644D24962A93005E695A /* DistanceCounterTests.xctest */,
			);
			name = Products;
			sourceTree = "<group>";
		};
		AF17779724869C5B0014D38A /* DistanceCounter */ = {
			isa = PBXGroup;
			children = (
				AF8F41EF248B9F9500B74FA8 /* Data */,
				AF8F41EB248B9B7C00B74FA8 /* UI */,
				AF8F41E8248B9A4600B74FA8 /* Resources */,
				AF17779824869C5B0014D38A /* AppDelegate.swift */,
				AF1777A624869C5F0014D38A /* Info.plist */,
			);
			path = DistanceCounter;
			sourceTree = "<group>";
		};
		AF1777B32489602E0014D38A /* View */ = {
			isa = PBXGroup;
			children = (
				AF1777B4248964A40014D38A /* DistanceCalculationViewController.swift */,
				AF8F41E1248B768B00B74FA8 /* DistanceCalculationViewModel.swift */,
				AF8F41E3248B856A00B74FA8 /* DistanceCalculationViewProtocol.swift */,
				AF17779E24869C5B0014D38A /* Main.storyboard */,
			);
			path = View;
			sourceTree = "<group>";
		};
		AF1777B624896B5B0014D38A /* CustomUI */ = {
			isa = PBXGroup;
			children = (
				AF1777B724896BE40014D38A /* CustomLabel.swift */,
				AF1777B92489711E0014D38A /* CustomTextField.swift */,
				AF1777BB248971340014D38A /* CustomButton.swift */,
				AF1777BD248971550014D38A /* CustomTextView.swift */,
				AF8F4204248BF17D00B74FA8 /* SpinnerViewController.swift */,
			);
			path = CustomUI;
			sourceTree = "<group>";
		};
		AF231BDC249541FA0014BED8 /* DistanceCounterUITests */ = {
			isa = PBXGroup;
			children = (
				AF231BDD249541FA0014BED8 /* DistanceCounterUITests.swift */,
				AF231BDF249541FA0014BED8 /* Info.plist */,
			);
			path = DistanceCounterUITests;
			sourceTree = "<group>";
		};
		AF6FDCE3248A7CFD0042679A /* Common */ = {
			isa = PBXGroup;
			children = (
				AF8F41EE248B9E2C00B74FA8 /* Utils */,
				AF1777B624896B5B0014D38A /* CustomUI */,
				AF6FDCE4248A7D160042679A /* Fonts.swift */,
				AF8F41E5248B876800B74FA8 /* Alert.swift */,
				AF1777A324869C5F0014D38A /* LaunchScreen.storyboard */,
				AF1777A124869C5F0014D38A /* Assets.xcassets */,
			);
			path = Common;
			sourceTree = "<group>";
		};
		AF8F41E8248B9A4600B74FA8 /* Resources */ = {
			isa = PBXGroup;
			children = (
				AF8F41E9248B9A7300B74FA8 /* Localizable.strings */,
			);
			path = Resources;
			sourceTree = "<group>";
		};
		AF8F41EB248B9B7C00B74FA8 /* UI */ = {
			isa = PBXGroup;
			children = (
				AF6FDCE3248A7CFD0042679A /* Common */,
				AF1777B32489602E0014D38A /* View */,
			);
			path = UI;
			sourceTree = "<group>";
		};
		AF8F41EE248B9E2C00B74FA8 /* Utils */ = {
			isa = PBXGroup;
			children = (
				AF8F41EC248B9E2600B74FA8 /* String+Utils.swift */,
			);
			path = Utils;
			sourceTree = "<group>";
		};
		AF8F41EF248B9F9500B74FA8 /* Data */ = {
			isa = PBXGroup;
			children = (
				AF8F41FF248BA85300B74FA8 /* Error */,
				AF8F41F8248BA53600B74FA8 /* Networking */,
				AF8F41F0248BA38000B74FA8 /* DTO */,
				AF8F41F7248BA52800B74FA8 /* Config */,
			);
			path = Data;
			sourceTree = "<group>";
		};
		AF8F41F0248BA38000B74FA8 /* DTO */ = {
			isa = PBXGroup;
			children = (
				AF8F41F3248BA3B900B74FA8 /* Place.swift */,
			);
			path = DTO;
			sourceTree = "<group>";
		};
		AF8F41F7248BA52800B74FA8 /* Config */ = {
			isa = PBXGroup;
			children = (
				AF8F41F5248BA46600B74FA8 /* Config.swift */,
			);
			path = Config;
			sourceTree = "<group>";
		};
		AF8F41F8248BA53600B74FA8 /* Networking */ = {
			isa = PBXGroup;
			children = (
				AF8F41F9248BA56A00B74FA8 /* ApiRouter.swift */,
				AF8F41FB248BA77B00B74FA8 /* NetworkManager.swift */,
			);
			path = Networking;
			sourceTree = "<group>";
		};
		AF8F41FF248BA85300B74FA8 /* Error */ = {
			isa = PBXGroup;
			children = (
				AF8F4200248BA86800B74FA8 /* ApiError.swift */,
			);
			path = Error;
			sourceTree = "<group>";
		};
		AF9A644E24962A93005E695A /* DistanceCounterTests */ = {
			isa = PBXGroup;
			children = (
				AF14F7472496799F0054DCEB /* DistanceCounterTextFieldPropertiesTests.swift */,
				AF9A645824965559005E695A /* DistanceCounterLongitudeTests.swift */,
				AF9A644F24962A93005E695A /* DistanceCounterLatitudeTests.swift */,
				AF9A645124962A93005E695A /* Info.plist */,
			);
			path = DistanceCounterTests;
			sourceTree = "<group>";
		};
/* End PBXGroup section */

/* Begin PBXNativeTarget section */
		AF17779424869C5B0014D38A /* DistanceCounter */ = {
			isa = PBXNativeTarget;
			buildConfigurationList = AF1777A924869C5F0014D38A /* Build configuration list for PBXNativeTarget "DistanceCounter" */;
			buildPhases = (
				AF17779124869C5B0014D38A /* Sources */,
				AF17779224869C5B0014D38A /* Frameworks */,
				AF17779324869C5B0014D38A /* Resources */,
			);
			buildRules = (
			);
			dependencies = (
			);
			name = DistanceCounter;
			productName = DistanceCounter;
			productReference = AF17779524869C5B0014D38A /* DistanceCounter.app */;
			productType = "com.apple.product-type.application";
		};
		AF231BDA249541FA0014BED8 /* DistanceCounterUITests */ = {
			isa = PBXNativeTarget;
			buildConfigurationList = AF231BE5249541FA0014BED8 /* Build configuration list for PBXNativeTarget "DistanceCounterUITests" */;
			buildPhases = (
				AF231BD7249541FA0014BED8 /* Sources */,
				AF231BD8249541FA0014BED8 /* Frameworks */,
				AF231BD9249541FA0014BED8 /* Resources */,
			);
			buildRules = (
			);
			dependencies = (
				AF231BE1249541FA0014BED8 /* PBXTargetDependency */,
			);
			name = DistanceCounterUITests;
			productName = DistanceCounterUITests;
			productReference = AF231BDB249541FA0014BED8 /* DistanceCounterUITests.xctest */;
			productType = "com.apple.product-type.bundle.ui-testing";
		};
		AF9A644C24962A93005E695A /* DistanceCounterTests */ = {
			isa = PBXNativeTarget;
			buildConfigurationList = AF9A645724962A93005E695A /* Build configuration list for PBXNativeTarget "DistanceCounterTests" */;
			buildPhases = (
				AF9A644924962A93005E695A /* Sources */,
				AF9A644A24962A93005E695A /* Frameworks */,
				AF9A644B24962A93005E695A /* Resources */,
			);
			buildRules = (
			);
			dependencies = (
				AF9A645324962A93005E695A /* PBXTargetDependency */,
			);
			name = DistanceCounterTests;
			productName = DistanceCounterTests;
			productReference = AF9A644D24962A93005E695A /* DistanceCounterTests.xctest */;
			productType = "com.apple.product-type.bundle.unit-test";
		};
/* End PBXNativeTarget section */

/* Begin PBXProject section */
		AF17778D24869C5B0014D38A /* Project object */ = {
			isa = PBXProject;
			attributes = {
				LastSwiftUpdateCheck = 1150;
				LastUpgradeCheck = 1100;
				ORGANIZATIONNAME = "Yuliia Pavlenko";
				TargetAttributes = {
					AF17779424869C5B0014D38A = {
						CreatedOnToolsVersion = 11.0;
					};
					AF231BDA249541FA0014BED8 = {
						CreatedOnToolsVersion = 11.0;
						TestTargetID = AF17779424869C5B0014D38A;
					};
					AF9A644C24962A93005E695A = {
						CreatedOnToolsVersion = 11.5;
						TestTargetID = AF17779424869C5B0014D38A;
					};
				};
			};
			buildConfigurationList = AF17779024869C5B0014D38A /* Build configuration list for PBXProject "DistanceCounter" */;
			compatibilityVersion = "Xcode 9.3";
			developmentRegion = en;
			hasScannedForEncodings = 0;
			knownRegions = (
				en,
				Base,
			);
			mainGroup = AF17778C24869C5B0014D38A;
			productRefGroup = AF17779624869C5B0014D38A /* Products */;
			projectDirPath = "";
			projectRoot = "";
			targets = (
				AF17779424869C5B0014D38A /* DistanceCounter */,
				AF231BDA249541FA0014BED8 /* DistanceCounterUITests */,
				AF9A644C24962A93005E695A /* DistanceCounterTests */,
			);
		};
/* End PBXProject section */

/* Begin PBXResourcesBuildPhase section */
		AF17779324869C5B0014D38A /* Resources */ = {
			isa = PBXResourcesBuildPhase;
			buildActionMask = 2147483647;
			files = (
				AF1777A524869C5F0014D38A /* LaunchScreen.storyboard in Resources */,
				AF8F41EA248B9A7300B74FA8 /* Localizable.strings in Resources */,
				AF1777A224869C5F0014D38A /* Assets.xcassets in Resources */,
				AF1777A024869C5B0014D38A /* Main.storyboard in Resources */,
			);
			runOnlyForDeploymentPostprocessing = 0;
		};
		AF231BD9249541FA0014BED8 /* Resources */ = {
			isa = PBXResourcesBuildPhase;
			buildActionMask = 2147483647;
			files = (
			);
			runOnlyForDeploymentPostprocessing = 0;
		};
		AF9A644B24962A93005E695A /* Resources */ = {
			isa = PBXResourcesBuildPhase;
			buildActionMask = 2147483647;
			files = (
			);
			runOnlyForDeploymentPostprocessing = 0;
		};
/* End PBXResourcesBuildPhase section */

/* Begin PBXSourcesBuildPhase section */
		AF17779124869C5B0014D38A /* Sources */ = {
			isa = PBXSourcesBuildPhase;
			buildActionMask = 2147483647;
			files = (
				AF8F41ED248B9E2600B74FA8 /* String+Utils.swift in Sources */,
				AF8F41F4248BA3B900B74FA8 /* Place.swift in Sources */,
				AF6FDCE5248A7D160042679A /* Fonts.swift in Sources */,
				AF8F41F6248BA46600B74FA8 /* Config.swift in Sources */,
				AF8F41FC248BA77B00B74FA8 /* NetworkManager.swift in Sources */,
				AF8F4201248BA86800B74FA8 /* ApiError.swift in Sources */,
				AF1777BA2489711E0014D38A /* CustomTextField.swift in Sources */,
				AF17779924869C5B0014D38A /* AppDelegate.swift in Sources */,
				AF8F41E4248B856A00B74FA8 /* DistanceCalculationViewProtocol.swift in Sources */,
				AF8F41FA248BA56A00B74FA8 /* ApiRouter.swift in Sources */,
				AF1777BE248971550014D38A /* CustomTextView.swift in Sources */,
				AF1777B824896BE40014D38A /* CustomLabel.swift in Sources */,
				AF1777B5248964A50014D38A /* DistanceCalculationViewController.swift in Sources */,
				AF1777BC248971340014D38A /* CustomButton.swift in Sources */,
				AF8F41E6248B876800B74FA8 /* Alert.swift in Sources */,
				AF8F4205248BF17D00B74FA8 /* SpinnerViewController.swift in Sources */,
				AF8F41E2248B768B00B74FA8 /* DistanceCalculationViewModel.swift in Sources */,
			);
			runOnlyForDeploymentPostprocessing = 0;
		};
		AF231BD7249541FA0014BED8 /* Sources */ = {
			isa = PBXSourcesBuildPhase;
			buildActionMask = 2147483647;
			files = (
				AF231BDE249541FA0014BED8 /* DistanceCounterUITests.swift in Sources */,
			);
			runOnlyForDeploymentPostprocessing = 0;
		};
		AF9A644924962A93005E695A /* Sources */ = {
			isa = PBXSourcesBuildPhase;
			buildActionMask = 2147483647;
			files = (
				AF14F7482496799F0054DCEB /* DistanceCounterTextFieldPropertiesTests.swift in Sources */,
				AF9A645024962A93005E695A /* DistanceCounterLatitudeTests.swift in Sources */,
				AF9A645924965559005E695A /* DistanceCounterLongitudeTests.swift in Sources */,
			);
			runOnlyForDeploymentPostprocessing = 0;
		};
/* End PBXSourcesBuildPhase section */

/* Begin PBXTargetDependency section */
		AF231BE1249541FA0014BED8 /* PBXTargetDependency */ = {
			isa = PBXTargetDependency;
			target = AF17779424869C5B0014D38A /* DistanceCounter */;
			targetProxy = AF231BE0249541FA0014BED8 /* PBXContainerItemProxy */;
		};
		AF9A645324962A93005E695A /* PBXTargetDependency */ = {
			isa = PBXTargetDependency;
			target = AF17779424869C5B0014D38A /* DistanceCounter */;
			targetProxy = AF9A645224962A93005E695A /* PBXContainerItemProxy */;
		};
/* End PBXTargetDependency section */

/* Begin PBXVariantGroup section */
		AF17779E24869C5B0014D38A /* Main.storyboard */ = {
			isa = PBXVariantGroup;
			children = (
				AF17779F24869C5B0014D38A /* Base */,
			);
			name = Main.storyboard;
			sourceTree = "<group>";
		};
		AF1777A324869C5F0014D38A /* LaunchScreen.storyboard */ = {
			isa = PBXVariantGroup;
			children = (
				AF1777A424869C5F0014D38A /* Base */,
			);
			name = LaunchScreen.storyboard;
			sourceTree = "<group>";
		};
/* End PBXVariantGroup section */

/* Begin XCBuildConfiguration section */
		AF1777A724869C5F0014D38A /* Debug */ = {
			isa = XCBuildConfiguration;
			buildSettings = {
				ALWAYS_SEARCH_USER_PATHS = NO;
				CLANG_ANALYZER_NONNULL = YES;
				CLANG_ANALYZER_NUMBER_OBJECT_CONVERSION = YES_AGGRESSIVE;
				CLANG_CXX_LANGUAGE_STANDARD = "gnu++14";
				CLANG_CXX_LIBRARY = "libc++";
				CLANG_ENABLE_MODULES = YES;
				CLANG_ENABLE_OBJC_ARC = YES;
				CLANG_ENABLE_OBJC_WEAK = YES;
				CLANG_WARN_BLOCK_CAPTURE_AUTORELEASING = YES;
				CLANG_WARN_BOOL_CONVERSION = YES;
				CLANG_WARN_COMMA = YES;
				CLANG_WARN_CONSTANT_CONVERSION = YES;
				CLANG_WARN_DEPRECATED_OBJC_IMPLEMENTATIONS = YES;
				CLANG_WARN_DIRECT_OBJC_ISA_USAGE = YES_ERROR;
				CLANG_WARN_DOCUMENTATION_COMMENTS = YES;
				CLANG_WARN_EMPTY_BODY = YES;
				CLANG_WARN_ENUM_CONVERSION = YES;
				CLANG_WARN_INFINITE_RECURSION = YES;
				CLANG_WARN_INT_CONVERSION = YES;
				CLANG_WARN_NON_LITERAL_NULL_CONVERSION = YES;
				CLANG_WARN_OBJC_IMPLICIT_RETAIN_SELF = YES;
				CLANG_WARN_OBJC_LITERAL_CONVERSION = YES;
				CLANG_WARN_OBJC_ROOT_CLASS = YES_ERROR;
				CLANG_WARN_RANGE_LOOP_ANALYSIS = YES;
				CLANG_WARN_STRICT_PROTOTYPES = YES;
				CLANG_WARN_SUSPICIOUS_MOVE = YES;
				CLANG_WARN_UNGUARDED_AVAILABILITY = YES_AGGRESSIVE;
				CLANG_WARN_UNREACHABLE_CODE = YES;
				CLANG_WARN__DUPLICATE_METHOD_MATCH = YES;
				COPY_PHASE_STRIP = NO;
				DEBUG_INFORMATION_FORMAT = dwarf;
				ENABLE_STRICT_OBJC_MSGSEND = YES;
				ENABLE_TESTABILITY = YES;
				GCC_C_LANGUAGE_STANDARD = gnu11;
				GCC_DYNAMIC_NO_PIC = NO;
				GCC_NO_COMMON_BLOCKS = YES;
				GCC_OPTIMIZATION_LEVEL = 0;
				GCC_PREPROCESSOR_DEFINITIONS = (
					"DEBUG=1",
					"$(inherited)",
				);
				GCC_WARN_64_TO_32_BIT_CONVERSION = YES;
				GCC_WARN_ABOUT_RETURN_TYPE = YES_ERROR;
				GCC_WARN_UNDECLARED_SELECTOR = YES;
				GCC_WARN_UNINITIALIZED_AUTOS = YES_AGGRESSIVE;
				GCC_WARN_UNUSED_FUNCTION = YES;
				GCC_WARN_UNUSED_VARIABLE = YES;
				IPHONEOS_DEPLOYMENT_TARGET = 11.0;
				MTL_ENABLE_DEBUG_INFO = INCLUDE_SOURCE;
				MTL_FAST_MATH = YES;
				ONLY_ACTIVE_ARCH = YES;
				SDKROOT = iphoneos;
				SWIFT_ACTIVE_COMPILATION_CONDITIONS = DEBUG;
				SWIFT_OPTIMIZATION_LEVEL = "-Onone";
			};
			name = Debug;
		};
		AF1777A824869C5F0014D38A /* Release */ = {
			isa = XCBuildConfiguration;
			buildSettings = {
				ALWAYS_SEARCH_USER_PATHS = NO;
				CLANG_ANALYZER_NONNULL = YES;
				CLANG_ANALYZER_NUMBER_OBJECT_CONVERSION = YES_AGGRESSIVE;
				CLANG_CXX_LANGUAGE_STANDARD = "gnu++14";
				CLANG_CXX_LIBRARY = "libc++";
				CLANG_ENABLE_MODULES = YES;
				CLANG_ENABLE_OBJC_ARC = YES;
				CLANG_ENABLE_OBJC_WEAK = YES;
				CLANG_WARN_BLOCK_CAPTURE_AUTORELEASING = YES;
				CLANG_WARN_BOOL_CONVERSION = YES;
				CLANG_WARN_COMMA = YES;
				CLANG_WARN_CONSTANT_CONVERSION = YES;
				CLANG_WARN_DEPRECATED_OBJC_IMPLEMENTATIONS = YES;
				CLANG_WARN_DIRECT_OBJC_ISA_USAGE = YES_ERROR;
				CLANG_WARN_DOCUMENTATION_COMMENTS = YES;
				CLANG_WARN_EMPTY_BODY = YES;
				CLANG_WARN_ENUM_CONVERSION = YES;
				CLANG_WARN_INFINITE_RECURSION = YES;
				CLANG_WARN_INT_CONVERSION = YES;
				CLANG_WARN_NON_LITERAL_NULL_CONVERSION = YES;
				CLANG_WARN_OBJC_IMPLICIT_RETAIN_SELF = YES;
				CLANG_WARN_OBJC_LITERAL_CONVERSION = YES;
				CLANG_WARN_OBJC_ROOT_CLASS = YES_ERROR;
				CLANG_WARN_RANGE_LOOP_ANALYSIS = YES;
				CLANG_WARN_STRICT_PROTOTYPES = YES;
				CLANG_WARN_SUSPICIOUS_MOVE = YES;
				CLANG_WARN_UNGUARDED_AVAILABILITY = YES_AGGRESSIVE;
				CLANG_WARN_UNREACHABLE_CODE = YES;
				CLANG_WARN__DUPLICATE_METHOD_MATCH = YES;
				COPY_PHASE_STRIP = NO;
				DEBUG_INFORMATION_FORMAT = "dwarf-with-dsym";
				ENABLE_NS_ASSERTIONS = NO;
				ENABLE_STRICT_OBJC_MSGSEND = YES;
				GCC_C_LANGUAGE_STANDARD = gnu11;
				GCC_NO_COMMON_BLOCKS = YES;
				GCC_WARN_64_TO_32_BIT_CONVERSION = YES;
				GCC_WARN_ABOUT_RETURN_TYPE = YES_ERROR;
				GCC_WARN_UNDECLARED_SELECTOR = YES;
				GCC_WARN_UNINITIALIZED_AUTOS = YES_AGGRESSIVE;
				GCC_WARN_UNUSED_FUNCTION = YES;
				GCC_WARN_UNUSED_VARIABLE = YES;
				IPHONEOS_DEPLOYMENT_TARGET = 11.0;
				MTL_ENABLE_DEBUG_INFO = NO;
				MTL_FAST_MATH = YES;
				SDKROOT = iphoneos;
				SWIFT_COMPILATION_MODE = wholemodule;
				SWIFT_OPTIMIZATION_LEVEL = "-O";
				VALIDATE_PRODUCT = YES;
			};
			name = Release;
		};
		AF1777AA24869C5F0014D38A /* Debug */ = {
			isa = XCBuildConfiguration;
			buildSettings = {
				ASSETCATALOG_COMPILER_APPICON_NAME = AppIcon;
				CODE_SIGN_STYLE = Automatic;
				INFOPLIST_FILE = DistanceCounter/Info.plist;
				LD_RUNPATH_SEARCH_PATHS = (
					"$(inherited)",
					"@executable_path/Frameworks",
				);
				PRODUCT_BUNDLE_IDENTIFIER = yuliiapavlenko.DistanceCounter;
				PRODUCT_NAME = "$(TARGET_NAME)";
				SWIFT_VERSION = 5.0;
				TARGETED_DEVICE_FAMILY = 1;
			};
			name = Debug;
		};
		AF1777AB24869C5F0014D38A /* Release */ = {
			isa = XCBuildConfiguration;
			buildSettings = {
				ASSETCATALOG_COMPILER_APPICON_NAME = AppIcon;
				CODE_SIGN_STYLE = Automatic;
				INFOPLIST_FILE = DistanceCounter/Info.plist;
				LD_RUNPATH_SEARCH_PATHS = (
					"$(inherited)",
					"@executable_path/Frameworks",
				);
				PRODUCT_BUNDLE_IDENTIFIER = yuliiapavlenko.DistanceCounter;
				PRODUCT_NAME = "$(TARGET_NAME)";
				SWIFT_VERSION = 5.0;
				TARGETED_DEVICE_FAMILY = 1;
			};
			name = Release;
		};
		AF1777AE2486A1090014D38A /* QA */ = {
			isa = XCBuildConfiguration;
			buildSettings = {
				ALWAYS_SEARCH_USER_PATHS = NO;
				CLANG_ANALYZER_NONNULL = YES;
				CLANG_ANALYZER_NUMBER_OBJECT_CONVERSION = YES_AGGRESSIVE;
				CLANG_CXX_LANGUAGE_STANDARD = "gnu++14";
				CLANG_CXX_LIBRARY = "libc++";
				CLANG_ENABLE_MODULES = YES;
				CLANG_ENABLE_OBJC_ARC = YES;
				CLANG_ENABLE_OBJC_WEAK = YES;
				CLANG_WARN_BLOCK_CAPTURE_AUTORELEASING = YES;
				CLANG_WARN_BOOL_CONVERSION = YES;
				CLANG_WARN_COMMA = YES;
				CLANG_WARN_CONSTANT_CONVERSION = YES;
				CLANG_WARN_DEPRECATED_OBJC_IMPLEMENTATIONS = YES;
				CLANG_WARN_DIRECT_OBJC_ISA_USAGE = YES_ERROR;
				CLANG_WARN_DOCUMENTATION_COMMENTS = YES;
				CLANG_WARN_EMPTY_BODY = YES;
				CLANG_WARN_ENUM_CONVERSION = YES;
				CLANG_WARN_INFINITE_RECURSION = YES;
				CLANG_WARN_INT_CONVERSION = YES;
				CLANG_WARN_NON_LITERAL_NULL_CONVERSION = YES;
				CLANG_WARN_OBJC_IMPLICIT_RETAIN_SELF = YES;
				CLANG_WARN_OBJC_LITERAL_CONVERSION = YES;
				CLANG_WARN_OBJC_ROOT_CLASS = YES_ERROR;
				CLANG_WARN_RANGE_LOOP_ANALYSIS = YES;
				CLANG_WARN_STRICT_PROTOTYPES = YES;
				CLANG_WARN_SUSPICIOUS_MOVE = YES;
				CLANG_WARN_UNGUARDED_AVAILABILITY = YES_AGGRESSIVE;
				CLANG_WARN_UNREACHABLE_CODE = YES;
				CLANG_WARN__DUPLICATE_METHOD_MATCH = YES;
				COPY_PHASE_STRIP = NO;
				DEBUG_INFORMATION_FORMAT = "dwarf-with-dsym";
				ENABLE_NS_ASSERTIONS = NO;
				ENABLE_STRICT_OBJC_MSGSEND = YES;
				GCC_C_LANGUAGE_STANDARD = gnu11;
				GCC_NO_COMMON_BLOCKS = YES;
				GCC_WARN_64_TO_32_BIT_CONVERSION = YES;
				GCC_WARN_ABOUT_RETURN_TYPE = YES_ERROR;
				GCC_WARN_UNDECLARED_SELECTOR = YES;
				GCC_WARN_UNINITIALIZED_AUTOS = YES_AGGRESSIVE;
				GCC_WARN_UNUSED_FUNCTION = YES;
				GCC_WARN_UNUSED_VARIABLE = YES;
				IPHONEOS_DEPLOYMENT_TARGET = 11.0;
				MTL_ENABLE_DEBUG_INFO = NO;
				MTL_FAST_MATH = YES;
				SDKROOT = iphoneos;
				SWIFT_COMPILATION_MODE = wholemodule;
				SWIFT_OPTIMIZATION_LEVEL = "-O";
				VALIDATE_PRODUCT = YES;
			};
			name = QA;
		};
		AF1777AF2486A1090014D38A /* QA */ = {
			isa = XCBuildConfiguration;
			buildSettings = {
				ASSETCATALOG_COMPILER_APPICON_NAME = AppIcon;
				CODE_SIGN_STYLE = Automatic;
				INFOPLIST_FILE = DistanceCounter/Info.plist;
				LD_RUNPATH_SEARCH_PATHS = (
					"$(inherited)",
					"@executable_path/Frameworks",
				);
				PRODUCT_BUNDLE_IDENTIFIER = yuliiapavlenko.DistanceCounter;
				PRODUCT_NAME = "$(TARGET_NAME)";
				SWIFT_VERSION = 5.0;
				TARGETED_DEVICE_FAMILY = 1;
			};
			name = QA;
		};
		AF231BE2249541FA0014BED8 /* Debug */ = {
			isa = XCBuildConfiguration;
			buildSettings = {
				CODE_SIGN_STYLE = Automatic;
				INFOPLIST_FILE = DistanceCounterUITests/Info.plist;
				IPHONEOS_DEPLOYMENT_TARGET = 13.0;
				LD_RUNPATH_SEARCH_PATHS = (
					"$(inherited)",
					"@executable_path/Frameworks",
					"@loader_path/Frameworks",
				);
				PRODUCT_BUNDLE_IDENTIFIER = yuliiapavlenko.DistanceCounterUITests;
				PRODUCT_NAME = "$(TARGET_NAME)";
				SWIFT_VERSION = 5.0;
				TARGETED_DEVICE_FAMILY = "1,2";
				TEST_TARGET_NAME = DistanceCounter;
			};
			name = Debug;
		};
		AF231BE3249541FA0014BED8 /* Release */ = {
			isa = XCBuildConfiguration;
			buildSettings = {
				CODE_SIGN_STYLE = Automatic;
				INFOPLIST_FILE = DistanceCounterUITests/Info.plist;
				IPHONEOS_DEPLOYMENT_TARGET = 13.0;
				LD_RUNPATH_SEARCH_PATHS = (
					"$(inherited)",
					"@executable_path/Frameworks",
					"@loader_path/Frameworks",
				);
				PRODUCT_BUNDLE_IDENTIFIER = yuliiapavlenko.DistanceCounterUITests;
				PRODUCT_NAME = "$(TARGET_NAME)";
				SWIFT_VERSION = 5.0;
				TARGETED_DEVICE_FAMILY = "1,2";
				TEST_TARGET_NAME = DistanceCounter;
			};
			name = Release;
		};
		AF231BE4249541FA0014BED8 /* QA */ = {
			isa = XCBuildConfiguration;
			buildSettings = {
				CODE_SIGN_STYLE = Automatic;
				INFOPLIST_FILE = DistanceCounterUITests/Info.plist;
				IPHONEOS_DEPLOYMENT_TARGET = 13.0;
				LD_RUNPATH_SEARCH_PATHS = (
					"$(inherited)",
					"@executable_path/Frameworks",
					"@loader_path/Frameworks",
				);
				PRODUCT_BUNDLE_IDENTIFIER = yuliiapavlenko.DistanceCounterUITests;
				PRODUCT_NAME = "$(TARGET_NAME)";
				SWIFT_VERSION = 5.0;
				TARGETED_DEVICE_FAMILY = "1,2";
				TEST_TARGET_NAME = DistanceCounter;
			};
			name = QA;
		};
		AF9A645424962A93005E695A /* Debug */ = {
			isa = XCBuildConfiguration;
			buildSettings = {
				BUNDLE_LOADER = "$(TEST_HOST)";
				CODE_SIGN_STYLE = Automatic;
				INFOPLIST_FILE = DistanceCounterTests/Info.plist;
				IPHONEOS_DEPLOYMENT_TARGET = 13.5;
				LD_RUNPATH_SEARCH_PATHS = (
					"$(inherited)",
					"@executable_path/Frameworks",
					"@loader_path/Frameworks",
				);
				PRODUCT_BUNDLE_IDENTIFIER = yuliiapavlenko.DistanceCounterTests;
				PRODUCT_NAME = "$(TARGET_NAME)";
				SWIFT_VERSION = 5.0;
				TARGETED_DEVICE_FAMILY = "1,2";
				TEST_HOST = "$(BUILT_PRODUCTS_DIR)/DistanceCounter.app/DistanceCounter";
			};
			name = Debug;
		};
		AF9A645524962A93005E695A /* Release */ = {
			isa = XCBuildConfiguration;
			buildSettings = {
				BUNDLE_LOADER = "$(TEST_HOST)";
				CODE_SIGN_STYLE = Automatic;
				INFOPLIST_FILE = DistanceCounterTests/Info.plist;
				IPHONEOS_DEPLOYMENT_TARGET = 13.5;
				LD_RUNPATH_SEARCH_PATHS = (
					"$(inherited)",
					"@executable_path/Frameworks",
					"@loader_path/Frameworks",
				);
				PRODUCT_BUNDLE_IDENTIFIER = yuliiapavlenko.DistanceCounterTests;
				PRODUCT_NAME = "$(TARGET_NAME)";
				SWIFT_VERSION = 5.0;
				TARGETED_DEVICE_FAMILY = "1,2";
				TEST_HOST = "$(BUILT_PRODUCTS_DIR)/DistanceCounter.app/DistanceCounter";
			};
			name = Release;
		};
		AF9A645624962A93005E695A /* QA */ = {
			isa = XCBuildConfiguration;
			buildSettings = {
				BUNDLE_LOADER = "$(TEST_HOST)";
				CODE_SIGN_STYLE = Automatic;
				INFOPLIST_FILE = DistanceCounterTests/Info.plist;
				IPHONEOS_DEPLOYMENT_TARGET = 13.5;
				LD_RUNPATH_SEARCH_PATHS = (
					"$(inherited)",
					"@executable_path/Frameworks",
					"@loader_path/Frameworks",
				);
				PRODUCT_BUNDLE_IDENTIFIER = yuliiapavlenko.DistanceCounterTests;
				PRODUCT_NAME = "$(TARGET_NAME)";
				SWIFT_VERSION = 5.0;
				TARGETED_DEVICE_FAMILY = "1,2";
				TEST_HOST = "$(BUILT_PRODUCTS_DIR)/DistanceCounter.app/DistanceCounter";
			};
			name = QA;
		};
/* End XCBuildConfiguration section */

/* Begin XCConfigurationList section */
		AF17779024869C5B0014D38A /* Build configuration list for PBXProject "DistanceCounter" */ = {
			isa = XCConfigurationList;
			buildConfigurations = (
				AF1777A724869C5F0014D38A /* Debug */,
				AF1777A824869C5F0014D38A /* Release */,
				AF1777AE2486A1090014D38A /* QA */,
			);
			defaultConfigurationIsVisible = 0;
			defaultConfigurationName = Release;
		};
		AF1777A924869C5F0014D38A /* Build configuration list for PBXNativeTarget "DistanceCounter" */ = {
			isa = XCConfigurationList;
			buildConfigurations = (
				AF1777AA24869C5F0014D38A /* Debug */,
				AF1777AB24869C5F0014D38A /* Release */,
				AF1777AF2486A1090014D38A /* QA */,
			);
			defaultConfigurationIsVisible = 0;
			defaultConfigurationName = Release;
		};
		AF231BE5249541FA0014BED8 /* Build configuration list for PBXNativeTarget "DistanceCounterUITests" */ = {
			isa = XCConfigurationList;
			buildConfigurations = (
				AF231BE2249541FA0014BED8 /* Debug */,
				AF231BE3249541FA0014BED8 /* Release */,
				AF231BE4249541FA0014BED8 /* QA */,
			);
			defaultConfigurationIsVisible = 0;
			defaultConfigurationName = Release;
		};
		AF9A645724962A93005E695A /* Build configuration list for PBXNativeTarget "DistanceCounterTests" */ = {
			isa = XCConfigurationList;
			buildConfigurations = (
				AF9A645424962A93005E695A /* Debug */,
				AF9A645524962A93005E695A /* Release */,
				AF9A645624962A93005E695A /* QA */,
			);
			defaultConfigurationIsVisible = 0;
			defaultConfigurationName = Release;
		};
/* End XCConfigurationList section */
	};
	rootObject = AF17778D24869C5B0014D38A /* Project object */;
}
